schema: '2.0'
stages:
  process:
    cmd: python src/process_ratings.py
    deps:
    - path: data/raw/ratings.csv
      hash: md5
      md5: dff8efc826e909fc3f52ca1a55a1af7d
      size: 42779
    - path: src/process_ratings.py
      hash: md5
      md5: 7d169f7c062d5b21a5995dd74c8d4b77
      size: 1545
    outs:
    - path: data/processed/ratings_clean.csv
      hash: md5
      md5: 5f463e876256baf5ecb0b1aa540fa327
      size: 40598
  features:
    cmd: python src/create_features.py
    deps:
    - path: data/processed/ratings_clean.csv
      hash: md5
      md5: 5f463e876256baf5ecb0b1aa540fa327
      size: 40598
    - path: src/create_features.py
      hash: md5
      md5: 203758e8f1cb6368cba9b9355e573236
      size: 1445
    outs:
    - path: models/user_similarity.pkl
      hash: md5
      md5: f97affced7ffd86ab91ff4ec9076e71d
      size: 384670
